
Microsoft Visual Studio Solution File, Format Version 12.00
# Visual Studio Version 17
VisualStudioVersion = 17.6.33815.320
MinimumVisualStudioVersion = 10.0.40219.1
Project("{FAE04EC0-301F-11D3-BF4B-00C04F79EFBC}") = "TechnoServiceApp", "TechnoServiceApp.csproj", "{DD53A0E3-8705-471D-B8F6-C024C1DFF130}"
EndProject
Global
	GlobalSection(SolutionConfigurationPlatforms) = preSolution
		Debug|Any CPU = Debug|Any CPU
		Release|Any CPU = Release|Any CPU
	EndGlobalSection
	GlobalSection(ProjectConfigurationPlatforms) = postSolution
		{DD53A0E3-8705-471D-B8F6-C024C1DFF130}.Debug|Any CPU.ActiveCfg = Debug|Any CPU
		{DD53A0E3-8705-471D-B8F6-C024C1DFF130}.Debug|Any CPU.Build.0 = Debug|Any CPU
		{DD53A0E3-8705-471D-B8F6-C024C1DFF130}.Release|Any CPU.ActiveCfg = Release|Any CPU
		{DD53A0E3-8705-471D-B8F6-C024C1DFF130}.Release|Any CPU.Build.0 = Release|Any CPU
	EndGlobalSection
	GlobalSection(SolutionProperties) = preSolution
		HideSolutionNode = FALSE
	EndGlobalSection
	GlobalSection(ExtensibilityGlobals) = postSolution
		SolutionGuid = {5F7253CB-4104-4AD2-A704-FFFDFD2DE2AF}
	EndGlobalSection
EndGlobal
